
Microsoft Visual Studio Solution File, Format Version 12.00
# Visual Studio Version 17
VisualStudioVersion = 17.4.33213.308
MinimumVisualStudioVersion = 10.0.40219.1
Project("{9A19103F-16F7-4668-BE54-9A1E7A4F7556}") = "ChatAPI", "ChatAPI\ChatAPI.csproj", "{9E78894E-C539-4B22-9B81-E53B1C97AE08}"
EndProject
Project("{9A19103F-16F7-4668-BE54-9A1E7A4F7556}") = "ChatAPI.Application", "ChatAPI.Application\ChatAPI.Application.csproj", "{D60C4CAB-D2F4-49B8-86FA-5909B2D9FCA9}"
EndProject
Project("{9A19103F-16F7-4668-BE54-9A1E7A4F7556}") = "ChatAPI.Infrastructure", "ChatAPI.Infrastructure\ChatAPI.Infrastructure.csproj", "{56F24A64-F65C-446E-8CE6-C10F1F33E093}"
EndProject
Project("{FAE04EC0-301F-11D3-BF4B-00C04F79EFBC}") = "ChatAPI.Domain", "ChatAPI.Domain\ChatAPI.Domain.csproj", "{1214026A-4F6F-48DA-B920-57058E24A6A0}"
EndProject
Global
	GlobalSection(SolutionConfigurationPlatforms) = preSolution
		Debug|Any CPU = Debug|Any CPU
		Release|Any CPU = Release|Any CPU
	EndGlobalSection
	GlobalSection(ProjectConfigurationPlatforms) = postSolution
		{9E78894E-C539-4B22-9B81-E53B1C97AE08}.Debug|Any CPU.ActiveCfg = Debug|Any CPU
		{9E78894E-C539-4B22-9B81-E53B1C97AE08}.Debug|Any CPU.Build.0 = Debug|Any CPU
		{9E78894E-C539-4B22-9B81-E53B1C97AE08}.Release|Any CPU.ActiveCfg = Release|Any CPU
		{9E78894E-C539-4B22-9B81-E53B1C97AE08}.Release|Any CPU.Build.0 = Release|Any CPU
		{D60C4CAB-D2F4-49B8-86FA-5909B2D9FCA9}.Debug|Any CPU.ActiveCfg = Debug|Any CPU
		{D60C4CAB-D2F4-49B8-86FA-5909B2D9FCA9}.Debug|Any CPU.Build.0 = Debug|Any CPU
		{D60C4CAB-D2F4-49B8-86FA-5909B2D9FCA9}.Release|Any CPU.ActiveCfg = Release|Any CPU
		{D60C4CAB-D2F4-49B8-86FA-5909B2D9FCA9}.Release|Any CPU.Build.0 = Release|Any CPU
		{56F24A64-F65C-446E-8CE6-C10F1F33E093}.Debug|Any CPU.ActiveCfg = Debug|Any CPU
		{56F24A64-F65C-446E-8CE6-C10F1F33E093}.Debug|Any CPU.Build.0 = Debug|Any CPU
		{56F24A64-F65C-446E-8CE6-C10F1F33E093}.Release|Any CPU.ActiveCfg = Release|Any CPU
		{56F24A64-F65C-446E-8CE6-C10F1F33E093}.Release|Any CPU.Build.0 = Release|Any CPU
		{1214026A-4F6F-48DA-B920-57058E24A6A0}.Debug|Any CPU.ActiveCfg = Debug|Any CPU
		{1214026A-4F6F-48DA-B920-57058E24A6A0}.Debug|Any CPU.Build.0 = Debug|Any CPU
		{1214026A-4F6F-48DA-B920-57058E24A6A0}.Release|Any CPU.ActiveCfg = Release|Any CPU
		{1214026A-4F6F-48DA-B920-57058E24A6A0}.Release|Any CPU.Build.0 = Release|Any CPU
	EndGlobalSection
	GlobalSection(SolutionProperties) = preSolution
		HideSolutionNode = FALSE
	EndGlobalSection
	GlobalSection(ExtensibilityGlobals) = postSolution
		SolutionGuid = {CA55421A-127B-415E-B59C-6373A42AE292}
	EndGlobalSection
EndGlobal
